// !$*UTF8*$!
{
	archiveVersion = 1;
	classes = {
	};
	objectVersion = 56;
	objects = {

/* Begin PBXBuildFile section */
		9D103CD428FDF53C000B368A /* SerieDetailView.swift in Sources */ = {isa = PBXBuildFile; fileRef = 9D103CD328FDF53C000B368A /* SerieDetailView.swift */; };
		9D17BEEA28FA168A00BF9E42 /* MarvelAppApp.swift in Sources */ = {isa = PBXBuildFile; fileRef = 9D17BEE928FA168A00BF9E42 /* MarvelAppApp.swift */; };
		9D17BEEC28FA168A00BF9E42 /* HeroesView.swift in Sources */ = {isa = PBXBuildFile; fileRef = 9D17BEEB28FA168A00BF9E42 /* HeroesView.swift */; };
		9D17BEEE28FA168B00BF9E42 /* Assets.xcassets in Resources */ = {isa = PBXBuildFile; fileRef = 9D17BEED28FA168B00BF9E42 /* Assets.xcassets */; };
		9D17BEF228FA168B00BF9E42 /* Preview Assets.xcassets in Resources */ = {isa = PBXBuildFile; fileRef = 9D17BEF128FA168B00BF9E42 /* Preview Assets.xcassets */; };
		9D17BEFC28FA168C00BF9E42 /* UserDefaultHelperTests.swift in Sources */ = {isa = PBXBuildFile; fileRef = 9D17BEFB28FA168C00BF9E42 /* UserDefaultHelperTests.swift */; };
		9D17BF1628FA172700BF9E42 /* NetworkManager.swift in Sources */ = {isa = PBXBuildFile; fileRef = 9D17BF1528FA172700BF9E42 /* NetworkManager.swift */; };
		9D17BF1728FA172700BF9E42 /* NetworkManager.swift in Sources */ = {isa = PBXBuildFile; fileRef = 9D17BF1528FA172700BF9E42 /* NetworkManager.swift */; };
		9D17BF1B28FA1ED500BF9E42 /* HeroModel.swift in Sources */ = {isa = PBXBuildFile; fileRef = 9D17BF1A28FA1ED500BF9E42 /* HeroModel.swift */; };
		9D17BF1C28FA1ED500BF9E42 /* HeroModel.swift in Sources */ = {isa = PBXBuildFile; fileRef = 9D17BF1A28FA1ED500BF9E42 /* HeroModel.swift */; };
		9D17BF2028FA2BB900BF9E42 /* HeroesViewModel.swift in Sources */ = {isa = PBXBuildFile; fileRef = 9D17BF1F28FA2BB900BF9E42 /* HeroesViewModel.swift */; };
		9D17BF2128FA2BB900BF9E42 /* HeroesViewModel.swift in Sources */ = {isa = PBXBuildFile; fileRef = 9D17BF1F28FA2BB900BF9E42 /* HeroesViewModel.swift */; };
		9D3DE53E29049B49002975B9 /* SeriesViewModelTests.swift in Sources */ = {isa = PBXBuildFile; fileRef = 9D3DE53D29049B49002975B9 /* SeriesViewModelTests.swift */; };
		9D3DE54029049CAE002975B9 /* FavoriteViewModelTests.swift in Sources */ = {isa = PBXBuildFile; fileRef = 9D3DE53F29049CAE002975B9 /* FavoriteViewModelTests.swift */; };
		9D3DE5462904B2CE002975B9 /* StatusModel.swift in Sources */ = {isa = PBXBuildFile; fileRef = 9D3DE5452904B2CE002975B9 /* StatusModel.swift */; };
		9D3DE5482904B54D002975B9 /* MainView.swift in Sources */ = {isa = PBXBuildFile; fileRef = 9D3DE5472904B54D002975B9 /* MainView.swift */; };
		9D3DE54A2904B652002975B9 /* LoadingView.swift in Sources */ = {isa = PBXBuildFile; fileRef = 9D3DE5492904B652002975B9 /* LoadingView.swift */; };
		9D3DE54C2904B676002975B9 /* ErrorView.swift in Sources */ = {isa = PBXBuildFile; fileRef = 9D3DE54B2904B676002975B9 /* ErrorView.swift */; };
		9D3DE54E2904BD80002975B9 /* MainView.swift in Sources */ = {isa = PBXBuildFile; fileRef = 9D3DE5472904B54D002975B9 /* MainView.swift */; };
		9D58D51228FACF13005457F4 /* HeroCardView.swift in Sources */ = {isa = PBXBuildFile; fileRef = 9D58D51128FACF13005457F4 /* HeroCardView.swift */; };
		9D5E8286290436F70012DF61 /* NetworkManagerTests.swift in Sources */ = {isa = PBXBuildFile; fileRef = 9D5E8285290436F70012DF61 /* NetworkManagerTests.swift */; };
		9D5E8288290440A70012DF61 /* HeroesViewModelTest.swift in Sources */ = {isa = PBXBuildFile; fileRef = 9D5E8287290440A70012DF61 /* HeroesViewModelTest.swift */; };
		9D6B982E2905EFF800418D8B /* LoadingView.swift in Sources */ = {isa = PBXBuildFile; fileRef = 9D3DE5492904B652002975B9 /* LoadingView.swift */; };
		9D6B98302905EFFB00418D8B /* ErrorView.swift in Sources */ = {isa = PBXBuildFile; fileRef = 9D3DE54B2904B676002975B9 /* ErrorView.swift */; };
		9D6B98322905F09B00418D8B /* StatusModel.swift in Sources */ = {isa = PBXBuildFile; fileRef = 9D3DE5452904B2CE002975B9 /* StatusModel.swift */; };
		9D86DE4E29007FBC00D40F0C /* FavoritesSeriesViewModel.swift in Sources */ = {isa = PBXBuildFile; fileRef = 9D86DE4D29007FBC00D40F0C /* FavoritesSeriesViewModel.swift */; };
		9D86DE502900844D00D40F0C /* FavoritesView.swift in Sources */ = {isa = PBXBuildFile; fileRef = 9D86DE4F2900844D00D40F0C /* FavoritesView.swift */; };
		9D86DE532900871F00D40F0C /* UserDafaultHelper.swift in Sources */ = {isa = PBXBuildFile; fileRef = 9D86DE522900871F00D40F0C /* UserDafaultHelper.swift */; };
		9DAA90332904170100ABE0FC /* UserDafaultHelper.swift in Sources */ = {isa = PBXBuildFile; fileRef = 9D86DE522900871F00D40F0C /* UserDafaultHelper.swift */; };
		9DAA903529041E3C00ABE0FC /* SerieModel.swift in Sources */ = {isa = PBXBuildFile; fileRef = 9DC65B1628FC7F0F00F040B8 /* SerieModel.swift */; };
		9DAA903729041E4C00ABE0FC /* HeroesView.swift in Sources */ = {isa = PBXBuildFile; fileRef = 9D17BEEB28FA168A00BF9E42 /* HeroesView.swift */; };
		9DAA903929041E5000ABE0FC /* SeriesView.swift in Sources */ = {isa = PBXBuildFile; fileRef = 9DC65B1A28FC9B7F00F040B8 /* SeriesView.swift */; };
		9DAA903B29041E5300ABE0FC /* SerieDetailView.swift in Sources */ = {isa = PBXBuildFile; fileRef = 9D103CD328FDF53C000B368A /* SerieDetailView.swift */; };
		9DAA903D29041E5700ABE0FC /* FavoritesView.swift in Sources */ = {isa = PBXBuildFile; fileRef = 9D86DE4F2900844D00D40F0C /* FavoritesView.swift */; };
		9DAA903F29041E5E00ABE0FC /* SeriesViewModel.swift in Sources */ = {isa = PBXBuildFile; fileRef = 9DC65B1828FC98F500F040B8 /* SeriesViewModel.swift */; };
		9DAA904129041E6200ABE0FC /* FavoritesSeriesViewModel.swift in Sources */ = {isa = PBXBuildFile; fileRef = 9D86DE4D29007FBC00D40F0C /* FavoritesSeriesViewModel.swift */; };
		9DAA904329041E6600ABE0FC /* MarvelAppApp.swift in Sources */ = {isa = PBXBuildFile; fileRef = 9D17BEE928FA168A00BF9E42 /* MarvelAppApp.swift */; };
		9DC65B1728FC7F0F00F040B8 /* SerieModel.swift in Sources */ = {isa = PBXBuildFile; fileRef = 9DC65B1628FC7F0F00F040B8 /* SerieModel.swift */; };
		9DC65B1928FC98F500F040B8 /* SeriesViewModel.swift in Sources */ = {isa = PBXBuildFile; fileRef = 9DC65B1828FC98F500F040B8 /* SeriesViewModel.swift */; };
		9DC65B1B28FC9B7F00F040B8 /* SeriesView.swift in Sources */ = {isa = PBXBuildFile; fileRef = 9DC65B1A28FC9B7F00F040B8 /* SeriesView.swift */; };
		9DC65B1D28FC9BD200F040B8 /* SerieCardView.swift in Sources */ = {isa = PBXBuildFile; fileRef = 9DC65B1C28FC9BD200F040B8 /* SerieCardView.swift */; };
		9DC65B1E28FC9BD200F040B8 /* SerieCardView.swift in Sources */ = {isa = PBXBuildFile; fileRef = 9DC65B1C28FC9BD200F040B8 /* SerieCardView.swift */; };
		9DC65B2128FC9BEB00F040B8 /* HeroCardView.swift in Sources */ = {isa = PBXBuildFile; fileRef = 9D58D51128FACF13005457F4 /* HeroCardView.swift */; };
		9DD3E36429C8C2C7006EEA60 /* RemoteDataSource.swift in Sources */ = {isa = PBXBuildFile; fileRef = 9DD3E36329C8C2C7006EEA60 /* RemoteDataSource.swift */; };
		9DD3E36729C8C8DB006EEA60 /* MarvelAPI.swift in Sources */ = {isa = PBXBuildFile; fileRef = 9DD3E36629C8C8DB006EEA60 /* MarvelAPI.swift */; };
/* End PBXBuildFile section */

/* Begin PBXContainerItemProxy section */
		9D17BEF828FA168C00BF9E42 /* PBXContainerItemProxy */ = {
			isa = PBXContainerItemProxy;
			containerPortal = 9D17BEDE28FA168A00BF9E42 /* Project object */;
			proxyType = 1;
			remoteGlobalIDString = 9D17BEE528FA168A00BF9E42;
			remoteInfo = MarvelApp;
		};
/* End PBXContainerItemProxy section */

/* Begin PBXFileReference section */
		9D103CD328FDF53C000B368A /* SerieDetailView.swift */ = {isa = PBXFileReference; lastKnownFileType = sourcecode.swift; path = SerieDetailView.swift; sourceTree = "<group>"; };
		9D17BEE628FA168A00BF9E42 /* MarvelApp.app */ = {isa = PBXFileReference; explicitFileType = wrapper.application; includeInIndex = 0; path = MarvelApp.app; sourceTree = BUILT_PRODUCTS_DIR; };
		9D17BEE928FA168A00BF9E42 /* MarvelAppApp.swift */ = {isa = PBXFileReference; lastKnownFileType = sourcecode.swift; path = MarvelAppApp.swift; sourceTree = "<group>"; };
		9D17BEEB28FA168A00BF9E42 /* HeroesView.swift */ = {isa = PBXFileReference; lastKnownFileType = sourcecode.swift; path = HeroesView.swift; sourceTree = "<group>"; };
		9D17BEED28FA168B00BF9E42 /* Assets.xcassets */ = {isa = PBXFileReference; lastKnownFileType = folder.assetcatalog; path = Assets.xcassets; sourceTree = "<group>"; };
		9D17BEEF28FA168B00BF9E42 /* MarvelApp.entitlements */ = {isa = PBXFileReference; lastKnownFileType = text.plist.entitlements; path = MarvelApp.entitlements; sourceTree = "<group>"; };
		9D17BEF128FA168B00BF9E42 /* Preview Assets.xcassets */ = {isa = PBXFileReference; lastKnownFileType = folder.assetcatalog; path = "Preview Assets.xcassets"; sourceTree = "<group>"; };
		9D17BEF728FA168C00BF9E42 /* MarvelAppTests.xctest */ = {isa = PBXFileReference; explicitFileType = wrapper.cfbundle; includeInIndex = 0; path = MarvelAppTests.xctest; sourceTree = BUILT_PRODUCTS_DIR; };
		9D17BEFB28FA168C00BF9E42 /* UserDefaultHelperTests.swift */ = {isa = PBXFileReference; lastKnownFileType = sourcecode.swift; path = UserDefaultHelperTests.swift; sourceTree = "<group>"; };
		9D17BF1528FA172700BF9E42 /* NetworkManager.swift */ = {isa = PBXFileReference; lastKnownFileType = sourcecode.swift; path = NetworkManager.swift; sourceTree = "<group>"; };
		9D17BF1A28FA1ED500BF9E42 /* HeroModel.swift */ = {isa = PBXFileReference; lastKnownFileType = sourcecode.swift; path = HeroModel.swift; sourceTree = "<group>"; };
		9D17BF1F28FA2BB900BF9E42 /* HeroesViewModel.swift */ = {isa = PBXFileReference; lastKnownFileType = sourcecode.swift; path = HeroesViewModel.swift; sourceTree = "<group>"; };
		9D17BF2328FA340300BF9E42 /* Info.plist */ = {isa = PBXFileReference; lastKnownFileType = text.plist; path = Info.plist; sourceTree = "<group>"; };
		9D3DE53D29049B49002975B9 /* SeriesViewModelTests.swift */ = {isa = PBXFileReference; lastKnownFileType = sourcecode.swift; path = SeriesViewModelTests.swift; sourceTree = "<group>"; };
		9D3DE53F29049CAE002975B9 /* FavoriteViewModelTests.swift */ = {isa = PBXFileReference; lastKnownFileType = sourcecode.swift; path = FavoriteViewModelTests.swift; sourceTree = "<group>"; };
		9D3DE5452904B2CE002975B9 /* StatusModel.swift */ = {isa = PBXFileReference; lastKnownFileType = sourcecode.swift; path = StatusModel.swift; sourceTree = "<group>"; };
		9D3DE5472904B54D002975B9 /* MainView.swift */ = {isa = PBXFileReference; lastKnownFileType = sourcecode.swift; path = MainView.swift; sourceTree = "<group>"; };
		9D3DE5492904B652002975B9 /* LoadingView.swift */ = {isa = PBXFileReference; lastKnownFileType = sourcecode.swift; path = LoadingView.swift; sourceTree = "<group>"; };
		9D3DE54B2904B676002975B9 /* ErrorView.swift */ = {isa = PBXFileReference; lastKnownFileType = sourcecode.swift; path = ErrorView.swift; sourceTree = "<group>"; };
		9D58D51128FACF13005457F4 /* HeroCardView.swift */ = {isa = PBXFileReference; lastKnownFileType = sourcecode.swift; path = HeroCardView.swift; sourceTree = "<group>"; };
		9D5E8285290436F70012DF61 /* NetworkManagerTests.swift */ = {isa = PBXFileReference; lastKnownFileType = sourcecode.swift; path = NetworkManagerTests.swift; sourceTree = "<group>"; };
		9D5E8287290440A70012DF61 /* HeroesViewModelTest.swift */ = {isa = PBXFileReference; lastKnownFileType = sourcecode.swift; path = HeroesViewModelTest.swift; sourceTree = "<group>"; };
		9D86DE4D29007FBC00D40F0C /* FavoritesSeriesViewModel.swift */ = {isa = PBXFileReference; lastKnownFileType = sourcecode.swift; path = FavoritesSeriesViewModel.swift; sourceTree = "<group>"; };
		9D86DE4F2900844D00D40F0C /* FavoritesView.swift */ = {isa = PBXFileReference; lastKnownFileType = sourcecode.swift; path = FavoritesView.swift; sourceTree = "<group>"; };
		9D86DE522900871F00D40F0C /* UserDafaultHelper.swift */ = {isa = PBXFileReference; lastKnownFileType = sourcecode.swift; path = UserDafaultHelper.swift; sourceTree = "<group>"; };
		9DC65B1628FC7F0F00F040B8 /* SerieModel.swift */ = {isa = PBXFileReference; lastKnownFileType = sourcecode.swift; path = SerieModel.swift; sourceTree = "<group>"; };
		9DC65B1828FC98F500F040B8 /* SeriesViewModel.swift */ = {isa = PBXFileReference; lastKnownFileType = sourcecode.swift; path = SeriesViewModel.swift; sourceTree = "<group>"; };
		9DC65B1A28FC9B7F00F040B8 /* SeriesView.swift */ = {isa = PBXFileReference; lastKnownFileType = sourcecode.swift; path = SeriesView.swift; sourceTree = "<group>"; };
		9DC65B1C28FC9BD200F040B8 /* SerieCardView.swift */ = {isa = PBXFileReference; lastKnownFileType = sourcecode.swift; path = SerieCardView.swift; sourceTree = "<group>"; };
		9DD3E36329C8C2C7006EEA60 /* RemoteDataSource.swift */ = {isa = PBXFileReference; lastKnownFileType = sourcecode.swift; path = RemoteDataSource.swift; sourceTree = "<group>"; };
		9DD3E36629C8C8DB006EEA60 /* MarvelAPI.swift */ = {isa = PBXFileReference; lastKnownFileType = sourcecode.swift; path = MarvelAPI.swift; sourceTree = "<group>"; };
/* End PBXFileReference section */

/* Begin PBXFrameworksBuildPhase section */
		9D17BEE328FA168A00BF9E42 /* Frameworks */ = {
			isa = PBXFrameworksBuildPhase;
			buildActionMask = 2147483647;
			files = (
			);
			runOnlyForDeploymentPostprocessing = 0;
		};
		9D17BEF428FA168C00BF9E42 /* Frameworks */ = {
			isa = PBXFrameworksBuildPhase;
			buildActionMask = 2147483647;
			files = (
			);
			runOnlyForDeploymentPostprocessing = 0;
		};
/* End PBXFrameworksBuildPhase section */

/* Begin PBXGroup section */
		9D17BEDD28FA168A00BF9E42 = {
			isa = PBXGroup;
			children = (
				9D17BEE828FA168A00BF9E42 /* MarvelApp */,
				9D17BEFA28FA168C00BF9E42 /* MarvelAppTests */,
				9D17BEE728FA168A00BF9E42 /* Products */,
			);
			sourceTree = "<group>";
		};
		9D17BEE728FA168A00BF9E42 /* Products */ = {
			isa = PBXGroup;
			children = (
				9D17BEE628FA168A00BF9E42 /* MarvelApp.app */,
				9D17BEF728FA168C00BF9E42 /* MarvelAppTests.xctest */,
			);
			name = Products;
			sourceTree = "<group>";
		};
		9D17BEE828FA168A00BF9E42 /* MarvelApp */ = {
			isa = PBXGroup;
			children = (
				9DD3E36229C8C293006EEA60 /* Data */,
				9DD3E36129C8C197006EEA60 /* Domain */,
				9D17BF2328FA340300BF9E42 /* Info.plist */,
				9D17BF1428FA16C700BF9E42 /* Managers */,
				9D58D51328FACF19005457F4 /* Views */,
				9D17BF1E28FA2B8200BF9E42 /* ViewModels */,
				9D17BEE928FA168A00BF9E42 /* MarvelAppApp.swift */,
				9D17BEED28FA168B00BF9E42 /* Assets.xcassets */,
				9D17BEEF28FA168B00BF9E42 /* MarvelApp.entitlements */,
				9D17BEF028FA168B00BF9E42 /* Preview Content */,
			);
			path = MarvelApp;
			sourceTree = "<group>";
		};
		9D17BEF028FA168B00BF9E42 /* Preview Content */ = {
			isa = PBXGroup;
			children = (
				9D17BEF128FA168B00BF9E42 /* Preview Assets.xcassets */,
			);
			path = "Preview Content";
			sourceTree = "<group>";
		};
		9D17BEFA28FA168C00BF9E42 /* MarvelAppTests */ = {
			isa = PBXGroup;
			children = (
				9D17BEFB28FA168C00BF9E42 /* UserDefaultHelperTests.swift */,
				9D5E8285290436F70012DF61 /* NetworkManagerTests.swift */,
				9D5E8287290440A70012DF61 /* HeroesViewModelTest.swift */,
				9D3DE53D29049B49002975B9 /* SeriesViewModelTests.swift */,
				9D3DE53F29049CAE002975B9 /* FavoriteViewModelTests.swift */,
			);
			path = MarvelAppTests;
			sourceTree = "<group>";
		};
		9D17BF1428FA16C700BF9E42 /* Managers */ = {
			isa = PBXGroup;
			children = (
				9D86DE522900871F00D40F0C /* UserDafaultHelper.swift */,
				9D17BF1528FA172700BF9E42 /* NetworkManager.swift */,
			);
			path = Managers;
			sourceTree = "<group>";
		};
		9D17BF1E28FA2B8200BF9E42 /* ViewModels */ = {
			isa = PBXGroup;
			children = (
				9D17BF1F28FA2BB900BF9E42 /* HeroesViewModel.swift */,
				9DC65B1828FC98F500F040B8 /* SeriesViewModel.swift */,
				9D86DE4D29007FBC00D40F0C /* FavoritesSeriesViewModel.swift */,
			);
			path = ViewModels;
			sourceTree = "<group>";
		};
		9D3DE54D2904B67C002975B9 /* StatusViews */ = {
			isa = PBXGroup;
			children = (
				9D3DE5492904B652002975B9 /* LoadingView.swift */,
				9D3DE54B2904B676002975B9 /* ErrorView.swift */,
			);
			path = StatusViews;
			sourceTree = "<group>";
		};
		9D58D51328FACF19005457F4 /* Views */ = {
			isa = PBXGroup;
			children = (
				9DD3E36C29C8CB2A006EEA60 /* FavoritesView */,
				9DD3E36A29C8CAF9006EEA60 /* SeriesView */,
				9DD3E36829C8CA5A006EEA60 /* HeroListView */,
				9D3DE54D2904B67C002975B9 /* StatusViews */,
				9D3DE5472904B54D002975B9 /* MainView.swift */,
			);
			path = Views;
			sourceTree = "<group>";
		};
		9DD3E36129C8C197006EEA60 /* Domain */ = {
			isa = PBXGroup;
			children = (
				9D17BF1A28FA1ED500BF9E42 /* HeroModel.swift */,
				9DC65B1628FC7F0F00F040B8 /* SerieModel.swift */,
				9D3DE5452904B2CE002975B9 /* StatusModel.swift */,
			);
			path = Domain;
			sourceTree = "<group>";
		};
		9DD3E36229C8C293006EEA60 /* Data */ = {
			isa = PBXGroup;
			children = (
				9DD3E36329C8C2C7006EEA60 /* RemoteDataSource.swift */,
				9DD3E36629C8C8DB006EEA60 /* MarvelAPI.swift */,
			);
			path = Data;
			sourceTree = "<group>";
		};
		9DD3E36829C8CA5A006EEA60 /* HeroListView */ = {
			isa = PBXGroup;
			children = (
				9DD3E36929C8CAE4006EEA60 /* Components */,
				9D17BEEB28FA168A00BF9E42 /* HeroesView.swift */,
			);
			path = HeroListView;
			sourceTree = "<group>";
		};
		9DD3E36929C8CAE4006EEA60 /* Components */ = {
			isa = PBXGroup;
			children = (
				9D58D51128FACF13005457F4 /* HeroCardView.swift */,
			);
			path = Components;
			sourceTree = "<group>";
		};
		9DD3E36A29C8CAF9006EEA60 /* SeriesView */ = {
			isa = PBXGroup;
			children = (
				9DD3E36B29C8CB16006EEA60 /* Components */,
				9D103CD328FDF53C000B368A /* SerieDetailView.swift */,
				9DC65B1A28FC9B7F00F040B8 /* SeriesView.swift */,
			);
			path = SeriesView;
			sourceTree = "<group>";
		};
		9DD3E36B29C8CB16006EEA60 /* Components */ = {
			isa = PBXGroup;
			children = (
				9DC65B1C28FC9BD200F040B8 /* SerieCardView.swift */,
			);
			path = Components;
			sourceTree = "<group>";
		};
		9DD3E36C29C8CB2A006EEA60 /* FavoritesView */ = {
			isa = PBXGroup;
			children = (
				9D86DE4F2900844D00D40F0C /* FavoritesView.swift */,
			);
			path = FavoritesView;
			sourceTree = "<group>";
		};
/* End PBXGroup section */

/* Begin PBXNativeTarget section */
		9D17BEE528FA168A00BF9E42 /* MarvelApp */ = {
			isa = PBXNativeTarget;
			buildConfigurationList = 9D17BF0B28FA168C00BF9E42 /* Build configuration list for PBXNativeTarget "MarvelApp" */;
			buildPhases = (
				9D17BEE228FA168A00BF9E42 /* Sources */,
				9D17BEE328FA168A00BF9E42 /* Frameworks */,
				9D17BEE428FA168A00BF9E42 /* Resources */,
			);
			buildRules = (
			);
			dependencies = (
			);
			name = MarvelApp;
			productName = MarvelApp;
			productReference = 9D17BEE628FA168A00BF9E42 /* MarvelApp.app */;
			productType = "com.apple.product-type.application";
		};
		9D17BEF628FA168C00BF9E42 /* MarvelAppTests */ = {
			isa = PBXNativeTarget;
			buildConfigurationList = 9D17BF0E28FA168C00BF9E42 /* Build configuration list for PBXNativeTarget "MarvelAppTests" */;
			buildPhases = (
				9D17BEF328FA168C00BF9E42 /* Sources */,
				9D17BEF428FA168C00BF9E42 /* Frameworks */,
				9D17BEF528FA168C00BF9E42 /* Resources */,
			);
			buildRules = (
			);
			dependencies = (
				9D17BEF928FA168C00BF9E42 /* PBXTargetDependency */,
			);
			name = MarvelAppTests;
			productName = MarvelAppTests;
			productReference = 9D17BEF728FA168C00BF9E42 /* MarvelAppTests.xctest */;
			productType = "com.apple.product-type.bundle.unit-test";
		};
/* End PBXNativeTarget section */

/* Begin PBXProject section */
		9D17BEDE28FA168A00BF9E42 /* Project object */ = {
			isa = PBXProject;
			attributes = {
				BuildIndependentTargetsInParallel = 1;
				LastSwiftUpdateCheck = 1400;
				LastUpgradeCheck = 1410;
				TargetAttributes = {
					9D17BEE528FA168A00BF9E42 = {
						CreatedOnToolsVersion = 14.0.1;
					};
					9D17BEF628FA168C00BF9E42 = {
						CreatedOnToolsVersion = 14.0.1;
						TestTargetID = 9D17BEE528FA168A00BF9E42;
					};
				};
			};
			buildConfigurationList = 9D17BEE128FA168A00BF9E42 /* Build configuration list for PBXProject "MarvelApp" */;
			compatibilityVersion = "Xcode 14.0";
			developmentRegion = en;
			hasScannedForEncodings = 0;
			knownRegions = (
				en,
				Base,
			);
			mainGroup = 9D17BEDD28FA168A00BF9E42;
			productRefGroup = 9D17BEE728FA168A00BF9E42 /* Products */;
			projectDirPath = "";
			projectRoot = "";
			targets = (
				9D17BEE528FA168A00BF9E42 /* MarvelApp */,
				9D17BEF628FA168C00BF9E42 /* MarvelAppTests */,
			);
		};
/* End PBXProject section */

/* Begin PBXResourcesBuildPhase section */
		9D17BEE428FA168A00BF9E42 /* Resources */ = {
			isa = PBXResourcesBuildPhase;
			buildActionMask = 2147483647;
			files = (
				9D17BEF228FA168B00BF9E42 /* Preview Assets.xcassets in Resources */,
				9D17BEEE28FA168B00BF9E42 /* Assets.xcassets in Resources */,
			);
			runOnlyForDeploymentPostprocessing = 0;
		};
		9D17BEF528FA168C00BF9E42 /* Resources */ = {
			isa = PBXResourcesBuildPhase;
			buildActionMask = 2147483647;
			files = (
			);
			runOnlyForDeploymentPostprocessing = 0;
		};
/* End PBXResourcesBuildPhase section */

/* Begin PBXSourcesBuildPhase section */
		9D17BEE228FA168A00BF9E42 /* Sources */ = {
			isa = PBXSourcesBuildPhase;
			buildActionMask = 2147483647;
			files = (
				9D17BF2028FA2BB900BF9E42 /* HeroesViewModel.swift in Sources */,
				9D3DE5462904B2CE002975B9 /* StatusModel.swift in Sources */,
				9D17BF1628FA172700BF9E42 /* NetworkManager.swift in Sources */,
				9DC65B1D28FC9BD200F040B8 /* SerieCardView.swift in Sources */,
				9D3DE54A2904B652002975B9 /* LoadingView.swift in Sources */,
				9DC65B1B28FC9B7F00F040B8 /* SeriesView.swift in Sources */,
				9D58D51228FACF13005457F4 /* HeroCardView.swift in Sources */,
				9D3DE54C2904B676002975B9 /* ErrorView.swift in Sources */,
				9D17BF1B28FA1ED500BF9E42 /* HeroModel.swift in Sources */,
				9D86DE532900871F00D40F0C /* UserDafaultHelper.swift in Sources */,
				9DC65B1728FC7F0F00F040B8 /* SerieModel.swift in Sources */,
				9D3DE5482904B54D002975B9 /* MainView.swift in Sources */,
				9D17BEEC28FA168A00BF9E42 /* HeroesView.swift in Sources */,
				9D17BEEA28FA168A00BF9E42 /* MarvelAppApp.swift in Sources */,
				9D103CD428FDF53C000B368A /* SerieDetailView.swift in Sources */,
				9DD3E36729C8C8DB006EEA60 /* MarvelAPI.swift in Sources */,
				9DD3E36429C8C2C7006EEA60 /* RemoteDataSource.swift in Sources */,
				9D86DE4E29007FBC00D40F0C /* FavoritesSeriesViewModel.swift in Sources */,
				9DC65B1928FC98F500F040B8 /* SeriesViewModel.swift in Sources */,
				9D86DE502900844D00D40F0C /* FavoritesView.swift in Sources */,
			);
			runOnlyForDeploymentPostprocessing = 0;
		};
		9D17BEF328FA168C00BF9E42 /* Sources */ = {
			isa = PBXSourcesBuildPhase;
			buildActionMask = 2147483647;
			files = (
				9DAA903B29041E5300ABE0FC /* SerieDetailView.swift in Sources */,
				9DAA903F29041E5E00ABE0FC /* SeriesViewModel.swift in Sources */,
				9DAA903729041E4C00ABE0FC /* HeroesView.swift in Sources */,
				9D3DE53E29049B49002975B9 /* SeriesViewModelTests.swift in Sources */,
				9D17BF1728FA172700BF9E42 /* NetworkManager.swift in Sources */,
				9D6B982E2905EFF800418D8B /* LoadingView.swift in Sources */,
				9D17BEFC28FA168C00BF9E42 /* UserDefaultHelperTests.swift in Sources */,
				9DC65B2128FC9BEB00F040B8 /* HeroCardView.swift in Sources */,
				9DAA904329041E6600ABE0FC /* MarvelAppApp.swift in Sources */,
				9DC65B1E28FC9BD200F040B8 /* SerieCardView.swift in Sources */,
				9DAA903529041E3C00ABE0FC /* SerieModel.swift in Sources */,
				9D17BF2128FA2BB900BF9E42 /* HeroesViewModel.swift in Sources */,
				9DAA904129041E6200ABE0FC /* FavoritesSeriesViewModel.swift in Sources */,
				9DAA903D29041E5700ABE0FC /* FavoritesView.swift in Sources */,
				9D3DE54E2904BD80002975B9 /* MainView.swift in Sources */,
				9D5E8286290436F70012DF61 /* NetworkManagerTests.swift in Sources */,
				9D5E8288290440A70012DF61 /* HeroesViewModelTest.swift in Sources */,
				9D17BF1C28FA1ED500BF9E42 /* HeroModel.swift in Sources */,
				9DAA90332904170100ABE0FC /* UserDafaultHelper.swift in Sources */,
				9DAA903929041E5000ABE0FC /* SeriesView.swift in Sources */,
				9D3DE54029049CAE002975B9 /* FavoriteViewModelTests.swift in Sources */,
				9D6B98322905F09B00418D8B /* StatusModel.swift in Sources */,
				9D6B98302905EFFB00418D8B /* ErrorView.swift in Sources */,
			);
			runOnlyForDeploymentPostprocessing = 0;
		};
/* End PBXSourcesBuildPhase section */

/* Begin PBXTargetDependency section */
		9D17BEF928FA168C00BF9E42 /* PBXTargetDependency */ = {
			isa = PBXTargetDependency;
			target = 9D17BEE528FA168A00BF9E42 /* MarvelApp */;
			targetProxy = 9D17BEF828FA168C00BF9E42 /* PBXContainerItemProxy */;
		};
/* End PBXTargetDependency section */

/* Begin XCBuildConfiguration section */
		9D17BF0928FA168C00BF9E42 /* Debug */ = {
			isa = XCBuildConfiguration;
			buildSettings = {
				ALWAYS_SEARCH_USER_PATHS = NO;
				CLANG_ANALYZER_NONNULL = YES;
				CLANG_ANALYZER_NUMBER_OBJECT_CONVERSION = YES_AGGRESSIVE;
				CLANG_CXX_LANGUAGE_STANDARD = "gnu++20";
				CLANG_ENABLE_MODULES = YES;
				CLANG_ENABLE_OBJC_ARC = YES;
				CLANG_ENABLE_OBJC_WEAK = YES;
				CLANG_WARN_BLOCK_CAPTURE_AUTORELEASING = YES;
				CLANG_WARN_BOOL_CONVERSION = YES;
				CLANG_WARN_COMMA = YES;
				CLANG_WARN_CONSTANT_CONVERSION = YES;
				CLANG_WARN_DEPRECATED_OBJC_IMPLEMENTATIONS = YES;
				CLANG_WARN_DIRECT_OBJC_ISA_USAGE = YES_ERROR;
				CLANG_WARN_DOCUMENTATION_COMMENTS = YES;
				CLANG_WARN_EMPTY_BODY = YES;
				CLANG_WARN_ENUM_CONVERSION = YES;
				CLANG_WARN_INFINITE_RECURSION = YES;
				CLANG_WARN_INT_CONVERSION = YES;
				CLANG_WARN_NON_LITERAL_NULL_CONVERSION = YES;
				CLANG_WARN_OBJC_IMPLICIT_RETAIN_SELF = YES;
				CLANG_WARN_OBJC_LITERAL_CONVERSION = YES;
				CLANG_WARN_OBJC_ROOT_CLASS = YES_ERROR;
				CLANG_WARN_QUOTED_INCLUDE_IN_FRAMEWORK_HEADER = YES;
				CLANG_WARN_RANGE_LOOP_ANALYSIS = YES;
				CLANG_WARN_STRICT_PROTOTYPES = YES;
				CLANG_WARN_SUSPICIOUS_MOVE = YES;
				CLANG_WARN_UNGUARDED_AVAILABILITY = YES_AGGRESSIVE;
				CLANG_WARN_UNREACHABLE_CODE = YES;
				CLANG_WARN__DUPLICATE_METHOD_MATCH = YES;
				COPY_PHASE_STRIP = NO;
				DEAD_CODE_STRIPPING = YES;
				DEBUG_INFORMATION_FORMAT = dwarf;
				ENABLE_STRICT_OBJC_MSGSEND = YES;
				ENABLE_TESTABILITY = YES;
				GCC_C_LANGUAGE_STANDARD = gnu11;
				GCC_DYNAMIC_NO_PIC = NO;
				GCC_NO_COMMON_BLOCKS = YES;
				GCC_OPTIMIZATION_LEVEL = 0;
				GCC_PREPROCESSOR_DEFINITIONS = (
					"DEBUG=1",
					"$(inherited)",
				);
				GCC_WARN_64_TO_32_BIT_CONVERSION = YES;
				GCC_WARN_ABOUT_RETURN_TYPE = YES_ERROR;
				GCC_WARN_UNDECLARED_SELECTOR = YES;
				GCC_WARN_UNINITIALIZED_AUTOS = YES_AGGRESSIVE;
				GCC_WARN_UNUSED_FUNCTION = YES;
				GCC_WARN_UNUSED_VARIABLE = YES;
				MTL_ENABLE_DEBUG_INFO = INCLUDE_SOURCE;
				MTL_FAST_MATH = YES;
				ONLY_ACTIVE_ARCH = YES;
				SWIFT_ACTIVE_COMPILATION_CONDITIONS = DEBUG;
				SWIFT_OPTIMIZATION_LEVEL = "-Onone";
			};
			name = Debug;
		};
		9D17BF0A28FA168C00BF9E42 /* Release */ = {
			isa = XCBuildConfiguration;
			buildSettings = {
				ALWAYS_SEARCH_USER_PATHS = NO;
				CLANG_ANALYZER_NONNULL = YES;
				CLANG_ANALYZER_NUMBER_OBJECT_CONVERSION = YES_AGGRESSIVE;
				CLANG_CXX_LANGUAGE_STANDARD = "gnu++20";
				CLANG_ENABLE_MODULES = YES;
				CLANG_ENABLE_OBJC_ARC = YES;
				CLANG_ENABLE_OBJC_WEAK = YES;
				CLANG_WARN_BLOCK_CAPTURE_AUTORELEASING = YES;
				CLANG_WARN_BOOL_CONVERSION = YES;
				CLANG_WARN_COMMA = YES;
				CLANG_WARN_CONSTANT_CONVERSION = YES;
				CLANG_WARN_DEPRECATED_OBJC_IMPLEMENTATIONS = YES;
				CLANG_WARN_DIRECT_OBJC_ISA_USAGE = YES_ERROR;
				CLANG_WARN_DOCUMENTATION_COMMENTS = YES;
				CLANG_WARN_EMPTY_BODY = YES;
				CLANG_WARN_ENUM_CONVERSION = YES;
				CLANG_WARN_INFINITE_RECURSION = YES;
				CLANG_WARN_INT_CONVERSION = YES;
				CLANG_WARN_NON_LITERAL_NULL_CONVERSION = YES;
				CLANG_WARN_OBJC_IMPLICIT_RETAIN_SELF = YES;
				CLANG_WARN_OBJC_LITERAL_CONVERSION = YES;
				CLANG_WARN_OBJC_ROOT_CLASS = YES_ERROR;
				CLANG_WARN_QUOTED_INCLUDE_IN_FRAMEWORK_HEADER = YES;
				CLANG_WARN_RANGE_LOOP_ANALYSIS = YES;
				CLANG_WARN_STRICT_PROTOTYPES = YES;
				CLANG_WARN_SUSPICIOUS_MOVE = YES;
				CLANG_WARN_UNGUARDED_AVAILABILITY = YES_AGGRESSIVE;
				CLANG_WARN_UNREACHABLE_CODE = YES;
				CLANG_WARN__DUPLICATE_METHOD_MATCH = YES;
				COPY_PHASE_STRIP = NO;
				DEAD_CODE_STRIPPING = YES;
				DEBUG_INFORMATION_FORMAT = "dwarf-with-dsym";
				ENABLE_NS_ASSERTIONS = NO;
				ENABLE_STRICT_OBJC_MSGSEND = YES;
				GCC_C_LANGUAGE_STANDARD = gnu11;
				GCC_NO_COMMON_BLOCKS = YES;
				GCC_WARN_64_TO_32_BIT_CONVERSION = YES;
				GCC_WARN_ABOUT_RETURN_TYPE = YES_ERROR;
				GCC_WARN_UNDECLARED_SELECTOR = YES;
				GCC_WARN_UNINITIALIZED_AUTOS = YES_AGGRESSIVE;
				GCC_WARN_UNUSED_FUNCTION = YES;
				GCC_WARN_UNUSED_VARIABLE = YES;
				MTL_ENABLE_DEBUG_INFO = NO;
				MTL_FAST_MATH = YES;
				SWIFT_COMPILATION_MODE = wholemodule;
				SWIFT_OPTIMIZATION_LEVEL = "-O";
			};
			name = Release;
		};
		9D17BF0C28FA168C00BF9E42 /* Debug */ = {
			isa = XCBuildConfiguration;
			buildSettings = {
				ASSETCATALOG_COMPILER_APPICON_NAME = AppIcon;
				ASSETCATALOG_COMPILER_GLOBAL_ACCENT_COLOR_NAME = AccentColor;
				CODE_SIGN_ENTITLEMENTS = MarvelApp/MarvelApp.entitlements;
				CODE_SIGN_IDENTITY = "-";
				CODE_SIGN_STYLE = Automatic;
				CURRENT_PROJECT_VERSION = 1;
				DEAD_CODE_STRIPPING = YES;
				DEVELOPMENT_ASSET_PATHS = "\"MarvelApp/Preview Content\"";
				ENABLE_PREVIEWS = YES;
				GENERATE_INFOPLIST_FILE = YES;
				INFOPLIST_FILE = MarvelApp/Info.plist;
				INFOPLIST_KEY_CFBundleDisplayName = "";
				INFOPLIST_KEY_LSApplicationCategoryType = "";
				"INFOPLIST_KEY_UIApplicationSceneManifest_Generation[sdk=iphoneos*]" = YES;
				"INFOPLIST_KEY_UIApplicationSceneManifest_Generation[sdk=iphonesimulator*]" = YES;
				"INFOPLIST_KEY_UIApplicationSupportsIndirectInputEvents[sdk=iphoneos*]" = YES;
				"INFOPLIST_KEY_UIApplicationSupportsIndirectInputEvents[sdk=iphonesimulator*]" = YES;
				"INFOPLIST_KEY_UILaunchScreen_Generation[sdk=iphoneos*]" = YES;
				"INFOPLIST_KEY_UILaunchScreen_Generation[sdk=iphonesimulator*]" = YES;
				"INFOPLIST_KEY_UIStatusBarStyle[sdk=iphoneos*]" = UIStatusBarStyleDefault;
				"INFOPLIST_KEY_UIStatusBarStyle[sdk=iphonesimulator*]" = UIStatusBarStyleDefault;
				INFOPLIST_KEY_UISupportedInterfaceOrientations_iPad = "UIInterfaceOrientationPortrait UIInterfaceOrientationPortraitUpsideDown UIInterfaceOrientationLandscapeLeft UIInterfaceOrientationLandscapeRight";
				INFOPLIST_KEY_UISupportedInterfaceOrientations_iPhone = "UIInterfaceOrientationPortrait UIInterfaceOrientationLandscapeLeft UIInterfaceOrientationLandscapeRight";
				IPHONEOS_DEPLOYMENT_TARGET = 16.0;
				LD_RUNPATH_SEARCH_PATHS = "@executable_path/Frameworks";
				"LD_RUNPATH_SEARCH_PATHS[sdk=macosx*]" = "@executable_path/../Frameworks";
				MACOSX_DEPLOYMENT_TARGET = 12.3;
				MARKETING_VERSION = 1.0;
				PRODUCT_BUNDLE_IDENTIFIER = es.fran.MarvelApp;
				PRODUCT_NAME = "$(TARGET_NAME)";
				SDKROOT = auto;
				SUPPORTED_PLATFORMS = "iphoneos iphonesimulator macosx";
				SWIFT_EMIT_LOC_STRINGS = YES;
				SWIFT_VERSION = 5.0;
				TARGETED_DEVICE_FAMILY = "1,2";
			};
			name = Debug;
		};
		9D17BF0D28FA168C00BF9E42 /* Release */ = {
			isa = XCBuildConfiguration;
			buildSettings = {
				ASSETCATALOG_COMPILER_APPICON_NAME = AppIcon;
				ASSETCATALOG_COMPILER_GLOBAL_ACCENT_COLOR_NAME = AccentColor;
				CODE_SIGN_ENTITLEMENTS = MarvelApp/MarvelApp.entitlements;
				CODE_SIGN_IDENTITY = "-";
				CODE_SIGN_STYLE = Automatic;
				CURRENT_PROJECT_VERSION = 1;
				DEAD_CODE_STRIPPING = YES;
				DEVELOPMENT_ASSET_PATHS = "\"MarvelApp/Preview Content\"";
				ENABLE_PREVIEWS = YES;
				GENERATE_INFOPLIST_FILE = YES;
				INFOPLIST_FILE = MarvelApp/Info.plist;
				INFOPLIST_KEY_CFBundleDisplayName = "";
				INFOPLIST_KEY_LSApplicationCategoryType = "";
				"INFOPLIST_KEY_UIApplicationSceneManifest_Generation[sdk=iphoneos*]" = YES;
				"INFOPLIST_KEY_UIApplicationSceneManifest_Generation[sdk=iphonesimulator*]" = YES;
				"INFOPLIST_KEY_UIApplicationSupportsIndirectInputEvents[sdk=iphoneos*]" = YES;
				"INFOPLIST_KEY_UIApplicationSupportsIndirectInputEvents[sdk=iphonesimulator*]" = YES;
				"INFOPLIST_KEY_UILaunchScreen_Generation[sdk=iphoneos*]" = YES;
				"INFOPLIST_KEY_UILaunchScreen_Generation[sdk=iphonesimulator*]" = YES;
				"INFOPLIST_KEY_UIStatusBarStyle[sdk=iphoneos*]" = UIStatusBarStyleDefault;
				"INFOPLIST_KEY_UIStatusBarStyle[sdk=iphonesimulator*]" = UIStatusBarStyleDefault;
				INFOPLIST_KEY_UISupportedInterfaceOrientations_iPad = "UIInterfaceOrientationPortrait UIInterfaceOrientationPortraitUpsideDown UIInterfaceOrientationLandscapeLeft UIInterfaceOrientationLandscapeRight";
				INFOPLIST_KEY_UISupportedInterfaceOrientations_iPhone = "UIInterfaceOrientationPortrait UIInterfaceOrientationLandscapeLeft UIInterfaceOrientationLandscapeRight";
				IPHONEOS_DEPLOYMENT_TARGET = 16.0;
				LD_RUNPATH_SEARCH_PATHS = "@executable_path/Frameworks";
				"LD_RUNPATH_SEARCH_PATHS[sdk=macosx*]" = "@executable_path/../Frameworks";
				MACOSX_DEPLOYMENT_TARGET = 12.3;
				MARKETING_VERSION = 1.0;
				PRODUCT_BUNDLE_IDENTIFIER = es.fran.MarvelApp;
				PRODUCT_NAME = "$(TARGET_NAME)";
				SDKROOT = auto;
				SUPPORTED_PLATFORMS = "iphoneos iphonesimulator macosx";
				SWIFT_EMIT_LOC_STRINGS = YES;
				SWIFT_VERSION = 5.0;
				TARGETED_DEVICE_FAMILY = "1,2";
			};
			name = Release;
		};
		9D17BF0F28FA168C00BF9E42 /* Debug */ = {
			isa = XCBuildConfiguration;
			buildSettings = {
				ALWAYS_EMBED_SWIFT_STANDARD_LIBRARIES = YES;
				BUNDLE_LOADER = "$(TEST_HOST)";
				CODE_SIGN_STYLE = Automatic;
				CURRENT_PROJECT_VERSION = 1;
				DEAD_CODE_STRIPPING = YES;
				GENERATE_INFOPLIST_FILE = YES;
				IPHONEOS_DEPLOYMENT_TARGET = 16.0;
				MACOSX_DEPLOYMENT_TARGET = 12.3;
				MARKETING_VERSION = 1.0;
				PRODUCT_BUNDLE_IDENTIFIER = es.fran.MarvelAppTests;
				PRODUCT_NAME = "$(TARGET_NAME)";
				SDKROOT = auto;
				SUPPORTED_PLATFORMS = "iphoneos iphonesimulator macosx";
				SWIFT_EMIT_LOC_STRINGS = NO;
				SWIFT_VERSION = 5.0;
				TARGETED_DEVICE_FAMILY = "1,2";
				TEST_HOST = "$(BUILT_PRODUCTS_DIR)/MarvelApp.app/$(BUNDLE_EXECUTABLE_FOLDER_PATH)/MarvelApp";
			};
			name = Debug;
		};
		9D17BF1028FA168C00BF9E42 /* Release */ = {
			isa = XCBuildConfiguration;
			buildSettings = {
				ALWAYS_EMBED_SWIFT_STANDARD_LIBRARIES = YES;
				BUNDLE_LOADER = "$(TEST_HOST)";
				CODE_SIGN_STYLE = Automatic;
				CURRENT_PROJECT_VERSION = 1;
				DEAD_CODE_STRIPPING = YES;
				GENERATE_INFOPLIST_FILE = YES;
				IPHONEOS_DEPLOYMENT_TARGET = 16.0;
				MACOSX_DEPLOYMENT_TARGET = 12.3;
				MARKETING_VERSION = 1.0;
				PRODUCT_BUNDLE_IDENTIFIER = es.fran.MarvelAppTests;
				PRODUCT_NAME = "$(TARGET_NAME)";
				SDKROOT = auto;
				SUPPORTED_PLATFORMS = "iphoneos iphonesimulator macosx";
				SWIFT_EMIT_LOC_STRINGS = NO;
				SWIFT_VERSION = 5.0;
				TARGETED_DEVICE_FAMILY = "1,2";
				TEST_HOST = "$(BUILT_PRODUCTS_DIR)/MarvelApp.app/$(BUNDLE_EXECUTABLE_FOLDER_PATH)/MarvelApp";
			};
			name = Release;
		};
/* End XCBuildConfiguration section */

/* Begin XCConfigurationList section */
		9D17BEE128FA168A00BF9E42 /* Build configuration list for PBXProject "MarvelApp" */ = {
			isa = XCConfigurationList;
			buildConfigurations = (
				9D17BF0928FA168C00BF9E42 /* Debug */,
				9D17BF0A28FA168C00BF9E42 /* Release */,
			);
			defaultConfigurationIsVisible = 0;
			defaultConfigurationName = Release;
		};
		9D17BF0B28FA168C00BF9E42 /* Build configuration list for PBXNativeTarget "MarvelApp" */ = {
			isa = XCConfigurationList;
			buildConfigurations = (
				9D17BF0C28FA168C00BF9E42 /* Debug */,
				9D17BF0D28FA168C00BF9E42 /* Release */,
			);
			defaultConfigurationIsVisible = 0;
			defaultConfigurationName = Release;
		};
		9D17BF0E28FA168C00BF9E42 /* Build configuration list for PBXNativeTarget "MarvelAppTests" */ = {
			isa = XCConfigurationList;
			buildConfigurations = (
				9D17BF0F28FA168C00BF9E42 /* Debug */,
				9D17BF1028FA168C00BF9E42 /* Release */,
			);
			defaultConfigurationIsVisible = 0;
			defaultConfigurationName = Release;
		};
/* End XCConfigurationList section */
	};
	rootObject = 9D17BEDE28FA168A00BF9E42 /* Project object */;
}
